
Microsoft Visual Studio Solution File, Format Version 12.00
# Visual Studio Version 17
VisualStudioVersion = 17.4.33205.214
MinimumVisualStudioVersion = 10.0.40219.1
Project("{8BC9CEB8-8B4A-11D0-8D11-00A0C91BC942}") = "APIApp", "APIApp\APIApp.vcxproj", "{D52D7EC2-5377-4E25-A77C-1880B5B8F155}"
	ProjectSection(ProjectDependencies) = postProject
		{285C4E32-B15B-44E5-B218-D366F1F72F0D} = {285C4E32-B15B-44E5-B218-D366F1F72F0D}
		{A407B703-BF1B-4F9D-81CF-DBE2D01EFC1C} = {A407B703-BF1B-4F9D-81CF-DBE2D01EFC1C}
		{B6088A9D-4CB1-414D-AB81-58588A7F41F9} = {B6088A9D-4CB1-414D-AB81-58588A7F41F9}
		{EC54E47D-2189-4962-8614-9A3D817FB87A} = {EC54E47D-2189-4962-8614-9A3D817FB87A}
	EndProjectSection
EndProject
Project("{2150E333-8FDC-42A3-9474-1A3956D46DE8}") = "Level0", "Level0", "{9B6CAD84-6BF8-4BDA-BFC0-38A7FFCED400}"
	ProjectSection(SolutionItems) = preProject
		TextFile1.txt = TextFile1.txt
	EndProjectSection
EndProject
Project("{2150E333-8FDC-42A3-9474-1A3956D46DE8}") = "Level1", "Level1", "{4BBA8256-3E8C-40B9-B278-938D00E40788}"
EndProject
Project("{2150E333-8FDC-42A3-9474-1A3956D46DE8}") = "Level2", "Level2", "{5AC0D7DE-2748-43EB-9CB7-52EC60B1330C}"
EndProject
Project("{2150E333-8FDC-42A3-9474-1A3956D46DE8}") = "Level3", "Level3", "{C17674C4-CFDE-4B1E-AFB5-8585E84F716A}"
EndProject
Project("{2150E333-8FDC-42A3-9474-1A3956D46DE8}") = "Level4", "Level4", "{3386E783-F95A-459E-B673-ABA3B626DD4B}"
EndProject
Project("{8BC9CEB8-8B4A-11D0-8D11-00A0C91BC942}") = "GameEngineBase", "GameEngineBase\GameEngineBase.vcxproj", "{285C4E32-B15B-44E5-B218-D366F1F72F0D}"
EndProject
Project("{8BC9CEB8-8B4A-11D0-8D11-00A0C91BC942}") = "GameEnginePlatform", "GameEnginePlatform\GameEnginePlatform.vcxproj", "{EC54E47D-2189-4962-8614-9A3D817FB87A}"
	ProjectSection(ProjectDependencies) = postProject
		{285C4E32-B15B-44E5-B218-D366F1F72F0D} = {285C4E32-B15B-44E5-B218-D366F1F72F0D}
	EndProjectSection
EndProject
Project("{8BC9CEB8-8B4A-11D0-8D11-00A0C91BC942}") = "GameEngineCore", "GameEngineCore\GameEngineCore.vcxproj", "{B6088A9D-4CB1-414D-AB81-58588A7F41F9}"
	ProjectSection(ProjectDependencies) = postProject
		{285C4E32-B15B-44E5-B218-D366F1F72F0D} = {285C4E32-B15B-44E5-B218-D366F1F72F0D}
		{EC54E47D-2189-4962-8614-9A3D817FB87A} = {EC54E47D-2189-4962-8614-9A3D817FB87A}
	EndProjectSection
EndProject
Project("{8BC9CEB8-8B4A-11D0-8D11-00A0C91BC942}") = "MegaManContents", "MegaManContents\MegaManContents.vcxproj", "{A407B703-BF1B-4F9D-81CF-DBE2D01EFC1C}"
	ProjectSection(ProjectDependencies) = postProject
		{285C4E32-B15B-44E5-B218-D366F1F72F0D} = {285C4E32-B15B-44E5-B218-D366F1F72F0D}
		{B6088A9D-4CB1-414D-AB81-58588A7F41F9} = {B6088A9D-4CB1-414D-AB81-58588A7F41F9}
		{EC54E47D-2189-4962-8614-9A3D817FB87A} = {EC54E47D-2189-4962-8614-9A3D817FB87A}
	EndProjectSection
EndProject
Global
	GlobalSection(SolutionConfigurationPlatforms) = preSolution
		Debug|x64 = Debug|x64
		Debug|x86 = Debug|x86
		Release|x64 = Release|x64
		Release|x86 = Release|x86
	EndGlobalSection
	GlobalSection(ProjectConfigurationPlatforms) = postSolution
		{D52D7EC2-5377-4E25-A77C-1880B5B8F155}.Debug|x64.ActiveCfg = Debug|x64
		{D52D7EC2-5377-4E25-A77C-1880B5B8F155}.Debug|x64.Build.0 = Debug|x64
		{D52D7EC2-5377-4E25-A77C-1880B5B8F155}.Debug|x86.ActiveCfg = Debug|Win32
		{D52D7EC2-5377-4E25-A77C-1880B5B8F155}.Debug|x86.Build.0 = Debug|Win32
		{D52D7EC2-5377-4E25-A77C-1880B5B8F155}.Release|x64.ActiveCfg = Release|x64
		{D52D7EC2-5377-4E25-A77C-1880B5B8F155}.Release|x64.Build.0 = Release|x64
		{D52D7EC2-5377-4E25-A77C-1880B5B8F155}.Release|x86.ActiveCfg = Release|Win32
		{D52D7EC2-5377-4E25-A77C-1880B5B8F155}.Release|x86.Build.0 = Release|Win32
		{285C4E32-B15B-44E5-B218-D366F1F72F0D}.Debug|x64.ActiveCfg = Debug|x64
		{285C4E32-B15B-44E5-B218-D366F1F72F0D}.Debug|x64.Build.0 = Debug|x64
		{285C4E32-B15B-44E5-B218-D366F1F72F0D}.Debug|x86.ActiveCfg = Debug|Win32
		{285C4E32-B15B-44E5-B218-D366F1F72F0D}.Debug|x86.Build.0 = Debug|Win32
		{285C4E32-B15B-44E5-B218-D366F1F72F0D}.Release|x64.ActiveCfg = Release|x64
		{285C4E32-B15B-44E5-B218-D366F1F72F0D}.Release|x64.Build.0 = Release|x64
		{285C4E32-B15B-44E5-B218-D366F1F72F0D}.Release|x86.ActiveCfg = Release|Win32
		{285C4E32-B15B-44E5-B218-D366F1F72F0D}.Release|x86.Build.0 = Release|Win32
		{EC54E47D-2189-4962-8614-9A3D817FB87A}.Debug|x64.ActiveCfg = Debug|x64
		{EC54E47D-2189-4962-8614-9A3D817FB87A}.Debug|x64.Build.0 = Debug|x64
		{EC54E47D-2189-4962-8614-9A3D817FB87A}.Debug|x86.ActiveCfg = Debug|Win32
		{EC54E47D-2189-4962-8614-9A3D817FB87A}.Debug|x86.Build.0 = Debug|Win32
		{EC54E47D-2189-4962-8614-9A3D817FB87A}.Release|x64.ActiveCfg = Release|x64
		{EC54E47D-2189-4962-8614-9A3D817FB87A}.Release|x64.Build.0 = Release|x64
		{EC54E47D-2189-4962-8614-9A3D817FB87A}.Release|x86.ActiveCfg = Release|Win32
		{EC54E47D-2189-4962-8614-9A3D817FB87A}.Release|x86.Build.0 = Release|Win32
		{B6088A9D-4CB1-414D-AB81-58588A7F41F9}.Debug|x64.ActiveCfg = Debug|x64
		{B6088A9D-4CB1-414D-AB81-58588A7F41F9}.Debug|x64.Build.0 = Debug|x64
		{B6088A9D-4CB1-414D-AB81-58588A7F41F9}.Debug|x86.ActiveCfg = Debug|Win32
		{B6088A9D-4CB1-414D-AB81-58588A7F41F9}.Debug|x86.Build.0 = Debug|Win32
		{B6088A9D-4CB1-414D-AB81-58588A7F41F9}.Release|x64.ActiveCfg = Release|x64
		{B6088A9D-4CB1-414D-AB81-58588A7F41F9}.Release|x64.Build.0 = Release|x64
		{B6088A9D-4CB1-414D-AB81-58588A7F41F9}.Release|x86.ActiveCfg = Release|Win32
		{B6088A9D-4CB1-414D-AB81-58588A7F41F9}.Release|x86.Build.0 = Release|Win32
		{A407B703-BF1B-4F9D-81CF-DBE2D01EFC1C}.Debug|x64.ActiveCfg = Debug|x64
		{A407B703-BF1B-4F9D-81CF-DBE2D01EFC1C}.Debug|x64.Build.0 = Debug|x64
		{A407B703-BF1B-4F9D-81CF-DBE2D01EFC1C}.Debug|x86.ActiveCfg = Debug|Win32
		{A407B703-BF1B-4F9D-81CF-DBE2D01EFC1C}.Debug|x86.Build.0 = Debug|Win32
		{A407B703-BF1B-4F9D-81CF-DBE2D01EFC1C}.Release|x64.ActiveCfg = Release|x64
		{A407B703-BF1B-4F9D-81CF-DBE2D01EFC1C}.Release|x64.Build.0 = Release|x64
		{A407B703-BF1B-4F9D-81CF-DBE2D01EFC1C}.Release|x86.ActiveCfg = Release|Win32
		{A407B703-BF1B-4F9D-81CF-DBE2D01EFC1C}.Release|x86.Build.0 = Release|Win32
	EndGlobalSection
	GlobalSection(SolutionProperties) = preSolution
		HideSolutionNode = FALSE
	EndGlobalSection
	GlobalSection(NestedProjects) = preSolution
		{D52D7EC2-5377-4E25-A77C-1880B5B8F155} = {3386E783-F95A-459E-B673-ABA3B626DD4B}
		{285C4E32-B15B-44E5-B218-D366F1F72F0D} = {9B6CAD84-6BF8-4BDA-BFC0-38A7FFCED400}
		{EC54E47D-2189-4962-8614-9A3D817FB87A} = {4BBA8256-3E8C-40B9-B278-938D00E40788}
		{B6088A9D-4CB1-414D-AB81-58588A7F41F9} = {5AC0D7DE-2748-43EB-9CB7-52EC60B1330C}
		{A407B703-BF1B-4F9D-81CF-DBE2D01EFC1C} = {C17674C4-CFDE-4B1E-AFB5-8585E84F716A}
	EndGlobalSection
	GlobalSection(ExtensibilityGlobals) = postSolution
		SolutionGuid = {6A506444-6D5C-497F-B666-C9A73EB19A1C}
	EndGlobalSection
EndGlobal
