<?xml version="1.0" encoding="utf-8"?>
<Project ToolsVersion="4.0" xmlns="http://schemas.microsoft.com/developer/msbuild/2003">
  <ItemGroup>
    <ClInclude Include="EndTitleLevel.h">
      <Filter>Level</Filter>
    </ClInclude>
    <ClInclude Include="SelectLevel.h">
      <Filter>Level</Filter>
    </ClInclude>
    <ClInclude Include="SpacePortLevel.h">
      <Filter>Level</Filter>
    </ClInclude>
    <ClInclude Include="MegaManCore.h">
      <Filter>Core</Filter>
    </ClInclude>
    <ClInclude Include="Player_Zero.h">
      <Filter>Player</Filter>
    </ClInclude>
    <ClInclude Include="Monster_Gunman.h">
      <Filter>Monster</Filter>
    </ClInclude>
    <ClInclude Include="Monster_NightMareVirus.h">
      <Filter>Monster</Filter>
    </ClInclude>
    <ClInclude Include="TitleLevel.h">
      <Filter>Level</Filter>
    </ClInclude>
    <ClInclude Include="ContentsEnum.h" />
    <ClInclude Include="UI_PlayerHpBar.h">
      <Filter>UI</Filter>
    </ClInclude>
    <ClInclude Include="Title_BackGround.h">
      <Filter>BackGround</Filter>
    </ClInclude>
    <ClInclude Include="Select_BackGround.h">
      <Filter>BackGround</Filter>
    </ClInclude>
    <ClInclude Include="Map_SpacePort.h">
      <Filter>Map</Filter>
    </ClInclude>
    <ClInclude Include="UI_MainSelectUI.h">
      <Filter>UI</Filter>
    </ClInclude>
    <ClInclude Include="UI_TitleUI.h">
      <Filter>UI</Filter>
    </ClInclude>
    <ClInclude Include="Boss_Colonel.h">
      <Filter>Monster</Filter>
    </ClInclude>
    <ClInclude Include="Ladder.h">
      <Filter>Object</Filter>
    </ClInclude>
    <ClInclude Include="Effect_Dash.h">
      <Filter>Effect</Filter>
    </ClInclude>
    <ClInclude Include="Object_Door.h">
      <Filter>Object</Filter>
    </ClInclude>
    <ClInclude Include="Effect_Hit.h">
      <Filter>Effect</Filter>
    </ClInclude>
    <ClInclude Include="Effect_Explosion.h">
      <Filter>Effect</Filter>
    </ClInclude>
    <ClInclude Include="Object_Bullet.h">
      <Filter>Object</Filter>
    </ClInclude>
    <ClInclude Include="Effect_Boss_Hit.h">
      <Filter>Effect</Filter>
    </ClInclude>
  </ItemGroup>
  <ItemGroup>
    <ClCompile Include="EndTitleLevel.cpp">
      <Filter>Level</Filter>
    </ClCompile>
    <ClCompile Include="SelectLevel.cpp">
      <Filter>Level</Filter>
    </ClCompile>
    <ClCompile Include="TitleLevel.cpp">
      <Filter>Level</Filter>
    </ClCompile>
    <ClCompile Include="MegaManCore.cpp">
      <Filter>Core</Filter>
    </ClCompile>
    <ClCompile Include="Player_Zero.cpp">
      <Filter>Player</Filter>
    </ClCompile>
    <ClCompile Include="Monster_Gunman.cpp">
      <Filter>Monster</Filter>
    </ClCompile>
    <ClCompile Include="Monster_NightMareVirus.cpp">
      <Filter>Monster</Filter>
    </ClCompile>
    <ClCompile Include="SpacePortLevel.cpp">
      <Filter>Level</Filter>
    </ClCompile>
    <ClCompile Include="UI_PlayerHpBar.cpp">
      <Filter>UI</Filter>
    </ClCompile>
    <ClCompile Include="Title_BackGround.cpp">
      <Filter>BackGround</Filter>
    </ClCompile>
    <ClCompile Include="Select_BackGround.cpp">
      <Filter>BackGround</Filter>
    </ClCompile>
    <ClCompile Include="Player_Zero_State.cpp">
      <Filter>Player</Filter>
    </ClCompile>
    <ClCompile Include="Map_SpacePort.cpp">
      <Filter>Map</Filter>
    </ClCompile>
    <ClCompile Include="UI_MainSelectUI.cpp">
      <Filter>UI</Filter>
    </ClCompile>
    <ClCompile Include="UI_TitleUI.cpp">
      <Filter>UI</Filter>
    </ClCompile>
    <ClCompile Include="Boss_Colonel.cpp">
      <Filter>Monster</Filter>
    </ClCompile>
    <ClCompile Include="Ladder.cpp">
      <Filter>Object</Filter>
    </ClCompile>
    <ClCompile Include="Effect_Dash.cpp">
      <Filter>Effect</Filter>
    </ClCompile>
    <ClCompile Include="Object_Door.cpp">
      <Filter>Object</Filter>
    </ClCompile>
    <ClCompile Include="Effect_Hit.cpp">
      <Filter>Effect</Filter>
    </ClCompile>
    <ClCompile Include="Effect_Explosion.cpp">
      <Filter>Effect</Filter>
    </ClCompile>
    <ClCompile Include="Object_Bullet.cpp">
      <Filter>Object</Filter>
    </ClCompile>
    <ClCompile Include="Effect_Boss_Hit.cpp">
      <Filter>Effect</Filter>
    </ClCompile>
  </ItemGroup>
  <ItemGroup>
    <Filter Include="Level">
      <UniqueIdentifier>{3071afff-ad9a-40d9-8ed4-f3c9d046ac17}</UniqueIdentifier>
    </Filter>
    <Filter Include="Core">
      <UniqueIdentifier>{38c206c9-97a8-49cb-9e86-08e12c75a79b}</UniqueIdentifier>
    </Filter>
    <Filter Include="Player">
      <UniqueIdentifier>{052169b6-aa9d-4a98-8e9e-211ae487df5e}</UniqueIdentifier>
    </Filter>
    <Filter Include="Monster">
      <UniqueIdentifier>{d5bf4f6f-b1c7-4d9a-8b56-07a204720c1f}</UniqueIdentifier>
    </Filter>
    <Filter Include="UI">
      <UniqueIdentifier>{9072cbd8-510e-4143-9308-3000a14720f3}</UniqueIdentifier>
    </Filter>
    <Filter Include="Map">
      <UniqueIdentifier>{a53696ce-b964-4cb9-9425-3c4874f91ad2}</UniqueIdentifier>
    </Filter>
    <Filter Include="BackGround">
      <UniqueIdentifier>{85d0a1e8-cebd-494f-91dd-bb1994ba963d}</UniqueIdentifier>
    </Filter>
    <Filter Include="Effect">
      <UniqueIdentifier>{45e9794a-8312-4ee8-9120-56e4c81e35df}</UniqueIdentifier>
    </Filter>
    <Filter Include="Object">
      <UniqueIdentifier>{7740dfcb-4ae9-4a31-bb8a-eade38bebbc4}</UniqueIdentifier>
    </Filter>
  </ItemGroup>
</Project>