<?xml version="1.0" encoding="utf-8"?>
<Project ToolsVersion="4.0" xmlns="http://schemas.microsoft.com/developer/msbuild/2003">
  <ItemGroup>
    <ClInclude Include="EndTitleLevel.h" />
    <ClInclude Include="SelectLevel.h" />
    <ClInclude Include="SigmaStageLevel.h" />
    <ClInclude Include="TitleLevel.h" />
    <ClInclude Include="MegaManCore.h" />
    <ClInclude Include="Monster_Sigma.h" />
    <ClInclude Include="Player_Zero.h" />
    <ClInclude Include="Monster_NightMareVirus.h" />
    <ClInclude Include="Monster_MetalT.h" />
  </ItemGroup>
  <ItemGroup>
    <ClCompile Include="EndTitleLevel.cpp" />
    <ClCompile Include="SelectLevel.cpp" />
    <ClCompile Include="SigmaStageLevel.cpp" />
    <ClCompile Include="TitleLevel.cpp" />
    <ClCompile Include="MegaManCore.cpp" />
    <ClCompile Include="Monster_Sigma.cpp" />
    <ClCompile Include="Player_Zero.cpp" />
    <ClCompile Include="Monster_NightMareVirus.cpp" />
    <ClCompile Include="Monster_MetalT.cpp" />
  </ItemGroup>
</Project>